
Microsoft Visual Studio Solution File, Format Version 12.00
# Visual Studio Version 16
VisualStudioVersion = 16.0.31019.35
MinimumVisualStudioVersion = 10.0.40219.1
Project("{9A19103F-16F7-4668-BE54-9A1E7A4F7556}") = "TrickingLibrary.Api", "TrickingLibrary.Api\TrickingLibrary.Api.csproj", "{5014B3C0-249C-45B0-95F7-7211A599EB2A}"
EndProject
Global
	GlobalSection(SolutionConfigurationPlatforms) = preSolution
		Debug|Any CPU = Debug|Any CPU
		Release|Any CPU = Release|Any CPU
	EndGlobalSection
	GlobalSection(ProjectConfigurationPlatforms) = postSolution
		{5014B3C0-249C-45B0-95F7-7211A599EB2A}.Debug|Any CPU.ActiveCfg = Debug|Any CPU
		{5014B3C0-249C-45B0-95F7-7211A599EB2A}.Debug|Any CPU.Build.0 = Debug|Any CPU
		{5014B3C0-249C-45B0-95F7-7211A599EB2A}.Release|Any CPU.ActiveCfg = Release|Any CPU
		{5014B3C0-249C-45B0-95F7-7211A599EB2A}.Release|Any CPU.Build.0 = Release|Any CPU
	EndGlobalSection
	GlobalSection(SolutionProperties) = preSolution
		HideSolutionNode = FALSE
	EndGlobalSection
	GlobalSection(ExtensibilityGlobals) = postSolution
		SolutionGuid = {ED45AF89-8132-44B3-B9A2-B61DFC81D541}
	EndGlobalSection
EndGlobal
